// !$*UTF8*$!
{
	archiveVersion = 1;
	classes = {
	};
	objectVersion = 55;
	objects = {

/* Begin PBXBuildFile section */
		8C71A2AC2C00D58100669E1D /* raghaddddApp.swift in Sources */ = {isa = PBXBuildFile; fileRef = 8C71A2AB2C00D58100669E1D /* raghaddddApp.swift */; };
		8C71A2AE2C00D58100669E1D /* ContentView.swift in Sources */ = {isa = PBXBuildFile; fileRef = 8C71A2AD2C00D58100669E1D /* ContentView.swift */; };
		8C71A2B02C00D58400669E1D /* Assets.xcassets in Resources */ = {isa = PBXBuildFile; fileRef = 8C71A2AF2C00D58400669E1D /* Assets.xcassets */; };
		8C71A2B32C00D58400669E1D /* Preview Assets.xcassets in Resources */ = {isa = PBXBuildFile; fileRef = 8C71A2B22C00D58400669E1D /* Preview Assets.xcassets */; };
		8C71A2BD2C00D58400669E1D /* raghaddddTests.swift in Sources */ = {isa = PBXBuildFile; fileRef = 8C71A2BC2C00D58400669E1D /* raghaddddTests.swift */; };
		8C71A2C72C00D58400669E1D /* raghaddddUITests.swift in Sources */ = {isa = PBXBuildFile; fileRef = 8C71A2C62C00D58400669E1D /* raghaddddUITests.swift */; };
		8C71A2C92C00D58400669E1D /* raghaddddUITestsLaunchTests.swift in Sources */ = {isa = PBXBuildFile; fileRef = 8C71A2C82C00D58400669E1D /* raghaddddUITestsLaunchTests.swift */; };
/* End PBXBuildFile section */

/* Begin PBXContainerItemProxy section */
		8C71A2B92C00D58400669E1D /* PBXContainerItemProxy */ = {
			isa = PBXContainerItemProxy;
			containerPortal = 8C71A2A02C00D58100669E1D /* Project object */;
			proxyType = 1;
			remoteGlobalIDString = 8C71A2A72C00D58100669E1D;
			remoteInfo = raghadddd;
		};
		8C71A2C32C00D58400669E1D /* PBXContainerItemProxy */ = {
			isa = PBXContainerItemProxy;
			containerPortal = 8C71A2A02C00D58100669E1D /* Project object */;
			proxyType = 1;
			remoteGlobalIDString = 8C71A2A72C00D58100669E1D;
			remoteInfo = raghadddd;
		};
/* End PBXContainerItemProxy section */

/* Begin PBXFileReference section */
		8C71A2A82C00D58100669E1D /* raghadddd.app */ = {isa = PBXFileReference; explicitFileType = wrapper.application; includeInIndex = 0; path = raghadddd.app; sourceTree = BUILT_PRODUCTS_DIR; };
		8C71A2AB2C00D58100669E1D /* raghaddddApp.swift */ = {isa = PBXFileReference; lastKnownFileType = sourcecode.swift; path = raghaddddApp.swift; sourceTree = "<group>"; };
		8C71A2AD2C00D58100669E1D /* ContentView.swift */ = {isa = PBXFileReference; lastKnownFileType = sourcecode.swift; path = ContentView.swift; sourceTree = "<group>"; };
		8C71A2AF2C00D58400669E1D /* Assets.xcassets */ = {isa = PBXFileReference; lastKnownFileType = folder.assetcatalog; path = Assets.xcassets; sourceTree = "<group>"; };
		8C71A2B22C00D58400669E1D /* Preview Assets.xcassets */ = {isa = PBXFileReference; lastKnownFileType = folder.assetcatalog; path = "Preview Assets.xcassets"; sourceTree = "<group>"; };
		8C71A2B82C00D58400669E1D /* raghaddddTests.xctest */ = {isa = PBXFileReference; explicitFileType = wrapper.cfbundle; includeInIndex = 0; path = raghaddddTests.xctest; sourceTree = BUILT_PRODUCTS_DIR; };
		8C71A2BC2C00D58400669E1D /* raghaddddTests.swift */ = {isa = PBXFileReference; lastKnownFileType = sourcecode.swift; path = raghaddddTests.swift; sourceTree = "<group>"; };
		8C71A2C22C00D58400669E1D /* raghaddddUITests.xctest */ = {isa = PBXFileReference; explicitFileType = wrapper.cfbundle; includeInIndex = 0; path = raghaddddUITests.xctest; sourceTree = BUILT_PRODUCTS_DIR; };
		8C71A2C62C00D58400669E1D /* raghaddddUITests.swift */ = {isa = PBXFileReference; lastKnownFileType = sourcecode.swift; path = raghaddddUITests.swift; sourceTree = "<group>"; };
		8C71A2C82C00D58400669E1D /* raghaddddUITestsLaunchTests.swift */ = {isa = PBXFileReference; lastKnownFileType = sourcecode.swift; path = raghaddddUITestsLaunchTests.swift; sourceTree = "<group>"; };
/* End PBXFileReference section */

/* Begin PBXFrameworksBuildPhase section */
		8C71A2A52C00D58100669E1D /* Frameworks */ = {
			isa = PBXFrameworksBuildPhase;
			buildActionMask = 2147483647;
			files = (
			);
			runOnlyForDeploymentPostprocessing = 0;
		};
		8C71A2B52C00D58400669E1D /* Frameworks */ = {
			isa = PBXFrameworksBuildPhase;
			buildActionMask = 2147483647;
			files = (
			);
			runOnlyForDeploymentPostprocessing = 0;
		};
		8C71A2BF2C00D58400669E1D /* Frameworks */ = {
			isa = PBXFrameworksBuildPhase;
			buildActionMask = 2147483647;
			files = (
			);
			runOnlyForDeploymentPostprocessing = 0;
		};
/* End PBXFrameworksBuildPhase section */

/* Begin PBXGroup section */
		8C71A29F2C00D58100669E1D = {
			isa = PBXGroup;
			children = (
				8C71A2AA2C00D58100669E1D /* raghadddd */,
				8C71A2BB2C00D58400669E1D /* raghaddddTests */,
				8C71A2C52C00D58400669E1D /* raghaddddUITests */,
				8C71A2A92C00D58100669E1D /* Products */,
			);
			sourceTree = "<group>";
		};
		8C71A2A92C00D58100669E1D /* Products */ = {
			isa = PBXGroup;
			children = (
				8C71A2A82C00D58100669E1D /* raghadddd.app */,
				8C71A2B82C00D58400669E1D /* raghaddddTests.xctest */,
				8C71A2C22C00D58400669E1D /* raghaddddUITests.xctest */,
			);
			name = Products;
			sourceTree = "<group>";
		};
		8C71A2AA2C00D58100669E1D /* raghadddd */ = {
			isa = PBXGroup;
			children = (
				8C71A2AB2C00D58100669E1D /* raghaddddApp.swift */,
				8C71A2AD2C00D58100669E1D /* ContentView.swift */,
				8C71A2AF2C00D58400669E1D /* Assets.xcassets */,
				8C71A2B12C00D58400669E1D /* Preview Content */,
			);
			path = raghadddd;
			sourceTree = "<group>";
		};
		8C71A2B12C00D58400669E1D /* Preview Content */ = {
			isa = PBXGroup;
			children = (
				8C71A2B22C00D58400669E1D /* Preview Assets.xcassets */,
			);
			path = "Preview Content";
			sourceTree = "<group>";
		};
		8C71A2BB2C00D58400669E1D /* raghaddddTests */ = {
			isa = PBXGroup;
			children = (
				8C71A2BC2C00D58400669E1D /* raghaddddTests.swift */,
			);
			path = raghaddddTests;
			sourceTree = "<group>";
		};
		8C71A2C52C00D58400669E1D /* raghaddddUITests */ = {
			isa = PBXGroup;
			children = (
				8C71A2C62C00D58400669E1D /* raghaddddUITests.swift */,
				8C71A2C82C00D58400669E1D /* raghaddddUITestsLaunchTests.swift */,
			);
			path = raghaddddUITests;
			sourceTree = "<group>";
		};
/* End PBXGroup section */

/* Begin PBXNativeTarget section */
		8C71A2A72C00D58100669E1D /* raghadddd */ = {
			isa = PBXNativeTarget;
			buildConfigurationList = 8C71A2CC2C00D58400669E1D /* Build configuration list for PBXNativeTarget "raghadddd" */;
			buildPhases = (
				8C71A2A42C00D58100669E1D /* Sources */,
				8C71A2A52C00D58100669E1D /* Frameworks */,
				8C71A2A62C00D58100669E1D /* Resources */,
			);
			buildRules = (
			);
			dependencies = (
			);
			name = raghadddd;
			productName = raghadddd;
			productReference = 8C71A2A82C00D58100669E1D /* raghadddd.app */;
			productType = "com.apple.product-type.application";
		};
		8C71A2B72C00D58400669E1D /* raghaddddTests */ = {
			isa = PBXNativeTarget;
			buildConfigurationList = 8C71A2CF2C00D58400669E1D /* Build configuration list for PBXNativeTarget "raghaddddTests" */;
			buildPhases = (
				8C71A2B42C00D58400669E1D /* Sources */,
				8C71A2B52C00D58400669E1D /* Frameworks */,
				8C71A2B62C00D58400669E1D /* Resources */,
			);
			buildRules = (
			);
			dependencies = (
				8C71A2BA2C00D58400669E1D /* PBXTargetDependency */,
			);
			name = raghaddddTests;
			productName = raghaddddTests;
			productReference = 8C71A2B82C00D58400669E1D /* raghaddddTests.xctest */;
			productType = "com.apple.product-type.bundle.unit-test";
		};
		8C71A2C12C00D58400669E1D /* raghaddddUITests */ = {
			isa = PBXNativeTarget;
			buildConfigurationList = 8C71A2D22C00D58400669E1D /* Build configuration list for PBXNativeTarget "raghaddddUITests" */;
			buildPhases = (
				8C71A2BE2C00D58400669E1D /* Sources */,
				8C71A2BF2C00D58400669E1D /* Frameworks */,
				8C71A2C02C00D58400669E1D /* Resources */,
			);
			buildRules = (
			);
			dependencies = (
				8C71A2C42C00D58400669E1D /* PBXTargetDependency */,
			);
			name = raghaddddUITests;
			productName = raghaddddUITests;
			productReference = 8C71A2C22C00D58400669E1D /* raghaddddUITests.xctest */;
			productType = "com.apple.product-type.bundle.ui-testing";
		};
/* End PBXNativeTarget section */

/* Begin PBXProject section */
		8C71A2A02C00D58100669E1D /* Project object */ = {
			isa = PBXProject;
			attributes = {
				BuildIndependentTargetsInParallel = 1;
				LastSwiftUpdateCheck = 1530;
				LastUpgradeCheck = 1530;
				TargetAttributes = {
					8C71A2A72C00D58100669E1D = {
						CreatedOnToolsVersion = 15.3;
					};
					8C71A2B72C00D58400669E1D = {
						CreatedOnToolsVersion = 15.3;
						TestTargetID = 8C71A2A72C00D58100669E1D;
					};
					8C71A2C12C00D58400669E1D = {
						CreatedOnToolsVersion = 15.3;
						TestTargetID = 8C71A2A72C00D58100669E1D;
					};
				};
			};
			buildConfigurationList = 8C71A2A32C00D58100669E1D /* Build configuration list for PBXProject "raghadddd" */;
			compatibilityVersion = "Xcode 13.0";
			developmentRegion = en;
			hasScannedForEncodings = 0;
			knownRegions = (
				en,
				Base,
			);
			mainGroup = 8C71A29F2C00D58100669E1D;
			productRefGroup = 8C71A2A92C00D58100669E1D /* Products */;
			projectDirPath = "";
			projectRoot = "";
			targets = (
				8C71A2A72C00D58100669E1D /* raghadddd */,
				8C71A2B72C00D58400669E1D /* raghaddddTests */,
				8C71A2C12C00D58400669E1D /* raghaddddUITests */,
			);
		};
/* End PBXProject section */

/* Begin PBXResourcesBuildPhase section */
		8C71A2A62C00D58100669E1D /* Resources */ = {
			isa = PBXResourcesBuildPhase;
			buildActionMask = 2147483647;
			files = (
				8C71A2B32C00D58400669E1D /* Preview Assets.xcassets in Resources */,
				8C71A2B02C00D58400669E1D /* Assets.xcassets in Resources */,
			);
			runOnlyForDeploymentPostprocessing = 0;
		};
		8C71A2B62C00D58400669E1D /* Resources */ = {
			isa = PBXResourcesBuildPhase;
			buildActionMask = 2147483647;
			files = (
			);
			runOnlyForDeploymentPostprocessing = 0;
		};
		8C71A2C02C00D58400669E1D /* Resources */ = {
			isa = PBXResourcesBuildPhase;
			buildActionMask = 2147483647;
			files = (
			);
			runOnlyForDeploymentPostprocessing = 0;
		};
/* End PBXResourcesBuildPhase section */

/* Begin PBXSourcesBuildPhase section */
		8C71A2A42C00D58100669E1D /* Sources */ = {
			isa = PBXSourcesBuildPhase;
			buildActionMask = 2147483647;
			files = (
				8C71A2AE2C00D58100669E1D /* ContentView.swift in Sources */,
				8C71A2AC2C00D58100669E1D /* raghaddddApp.swift in Sources */,
			);
			runOnlyForDeploymentPostprocessing = 0;
		};
		8C71A2B42C00D58400669E1D /* Sources */ = {
			isa = PBXSourcesBuildPhase;
			buildActionMask = 2147483647;
			files = (
				8C71A2BD2C00D58400669E1D /* raghaddddTests.swift in Sources */,
			);
			runOnlyForDeploymentPostprocessing = 0;
		};
		8C71A2BE2C00D58400669E1D /* Sources */ = {
			isa = PBXSourcesBuildPhase;
			buildActionMask = 2147483647;
			files = (
				8C71A2C92C00D58400669E1D /* raghaddddUITestsLaunchTests.swift in Sources */,
				8C71A2C72C00D58400669E1D /* raghaddddUITests.swift in Sources */,
			);
			runOnlyForDeploymentPostprocessing = 0;
		};
/* End PBXSourcesBuildPhase section */

/* Begin PBXTargetDependency section */
		8C71A2BA2C00D58400669E1D /* PBXTargetDependency */ = {
			isa = PBXTargetDependency;
			target = 8C71A2A72C00D58100669E1D /* raghadddd */;
			targetProxy = 8C71A2B92C00D58400669E1D /* PBXContainerItemProxy */;
		};
		8C71A2C42C00D58400669E1D /* PBXTargetDependency */ = {
			isa = PBXTargetDependency;
			target = 8C71A2A72C00D58100669E1D /* raghadddd */;
			targetProxy = 8C71A2C32C00D58400669E1D /* PBXContainerItemProxy */;
		};
/* End PBXTargetDependency section */

/* Begin XCBuildConfiguration section */
		8C71A2CA2C00D58400669E1D /* Debug */ = {
			isa = XCBuildConfiguration;
			buildSettings = {
				ALWAYS_SEARCH_USER_PATHS = NO;
				ASSETCATALOG_COMPILER_GENERATE_SWIFT_ASSET_SYMBOL_EXTENSIONS = YES;
				CLANG_ANALYZER_NONNULL = YES;
				CLANG_ANALYZER_NUMBER_OBJECT_CONVERSION = YES_AGGRESSIVE;
				CLANG_CXX_LANGUAGE_STANDARD = "gnu++20";
				CLANG_ENABLE_MODULES = YES;
				CLANG_ENABLE_OBJC_ARC = YES;
				CLANG_ENABLE_OBJC_WEAK = YES;
				CLANG_WARN_BLOCK_CAPTURE_AUTORELEASING = YES;
				CLANG_WARN_BOOL_CONVERSION = YES;
				CLANG_WARN_COMMA = YES;
				CLANG_WARN_CONSTANT_CONVERSION = YES;
				CLANG_WARN_DEPRECATED_OBJC_IMPLEMENTATIONS = YES;
				CLANG_WARN_DIRECT_OBJC_ISA_USAGE = YES_ERROR;
				CLANG_WARN_DOCUMENTATION_COMMENTS = YES;
				CLANG_WARN_EMPTY_BODY = YES;
				CLANG_WARN_ENUM_CONVERSION = YES;
				CLANG_WARN_INFINITE_RECURSION = YES;
				CLANG_WARN_INT_CONVERSION = YES;
				CLANG_WARN_NON_LITERAL_NULL_CONVERSION = YES;
				CLANG_WARN_OBJC_IMPLICIT_RETAIN_SELF = YES;
				CLANG_WARN_OBJC_LITERAL_CONVERSION = YES;
				CLANG_WARN_OBJC_ROOT_CLASS = YES_ERROR;
				CLANG_WARN_QUOTED_INCLUDE_IN_FRAMEWORK_HEADER = YES;
				CLANG_WARN_RANGE_LOOP_ANALYSIS = YES;
				CLANG_WARN_STRICT_PROTOTYPES = YES;
				CLANG_WARN_SUSPICIOUS_MOVE = YES;
				CLANG_WARN_UNGUARDED_AVAILABILITY = YES_AGGRESSIVE;
				CLANG_WARN_UNREACHABLE_CODE = YES;
				CLANG_WARN__DUPLICATE_METHOD_MATCH = YES;
				COPY_PHASE_STRIP = NO;
				DEBUG_INFORMATION_FORMAT = dwarf;
				ENABLE_STRICT_OBJC_MSGSEND = YES;
				ENABLE_TESTABILITY = YES;
				ENABLE_USER_SCRIPT_SANDBOXING = YES;
				GCC_C_LANGUAGE_STANDARD = gnu17;
				GCC_DYNAMIC_NO_PIC = NO;
				GCC_NO_COMMON_BLOCKS = YES;
				GCC_OPTIMIZATION_LEVEL = 0;
				GCC_PREPROCESSOR_DEFINITIONS = (
					"DEBUG=1",
					"$(inherited)",
				);
				GCC_WARN_64_TO_32_BIT_CONVERSION = YES;
				GCC_WARN_ABOUT_RETURN_TYPE = YES_ERROR;
				GCC_WARN_UNDECLARED_SELECTOR = YES;
				GCC_WARN_UNINITIALIZED_AUTOS = YES_AGGRESSIVE;
				GCC_WARN_UNUSED_FUNCTION = YES;
				GCC_WARN_UNUSED_VARIABLE = YES;
				IPHONEOS_DEPLOYMENT_TARGET = 17.4;
				LOCALIZATION_PREFERS_STRING_CATALOGS = YES;
				MTL_ENABLE_DEBUG_INFO = INCLUDE_SOURCE;
				MTL_FAST_MATH = YES;
				ONLY_ACTIVE_ARCH = YES;
				SDKROOT = iphoneos;
				SWIFT_ACTIVE_COMPILATION_CONDITIONS = "DEBUG $(inherited)";
				SWIFT_OPTIMIZATION_LEVEL = "-Onone";
			};
			name = Debug;
		};
		8C71A2CB2C00D58400669E1D /* Release */ = {
			isa = XCBuildConfiguration;
			buildSettings = {
				ALWAYS_SEARCH_USER_PATHS = NO;
				ASSETCATALOG_COMPILER_GENERATE_SWIFT_ASSET_SYMBOL_EXTENSIONS = YES;
				CLANG_ANALYZER_NONNULL = YES;
				CLANG_ANALYZER_NUMBER_OBJECT_CONVERSION = YES_AGGRESSIVE;
				CLANG_CXX_LANGUAGE_STANDARD = "gnu++20";
				CLANG_ENABLE_MODULES = YES;
				CLANG_ENABLE_OBJC_ARC = YES;
				CLANG_ENABLE_OBJC_WEAK = YES;
				CLANG_WARN_BLOCK_CAPTURE_AUTORELEASING = YES;
				CLANG_WARN_BOOL_CONVERSION = YES;
				CLANG_WARN_COMMA = YES;
				CLANG_WARN_CONSTANT_CONVERSION = YES;
				CLANG_WARN_DEPRECATED_OBJC_IMPLEMENTATIONS = YES;
				CLANG_WARN_DIRECT_OBJC_ISA_USAGE = YES_ERROR;
				CLANG_WARN_DOCUMENTATION_COMMENTS = YES;
				CLANG_WARN_EMPTY_BODY = YES;
				CLANG_WARN_ENUM_CONVERSION = YES;
				CLANG_WARN_INFINITE_RECURSION = YES;
				CLANG_WARN_INT_CONVERSION = YES;
				CLANG_WARN_NON_LITERAL_NULL_CONVERSION = YES;
				CLANG_WARN_OBJC_IMPLICIT_RETAIN_SELF = YES;
				CLANG_WARN_OBJC_LITERAL_CONVERSION = YES;
				CLANG_WARN_OBJC_ROOT_CLASS = YES_ERROR;
				CLANG_WARN_QUOTED_INCLUDE_IN_FRAMEWORK_HEADER = YES;
				CLANG_WARN_RANGE_LOOP_ANALYSIS = YES;
				CLANG_WARN_STRICT_PROTOTYPES = YES;
				CLANG_WARN_SUSPICIOUS_MOVE = YES;
				CLANG_WARN_UNGUARDED_AVAILABILITY = YES_AGGRESSIVE;
				CLANG_WARN_UNREACHABLE_CODE = YES;
				CLANG_WARN__DUPLICATE_METHOD_MATCH = YES;
				COPY_PHASE_STRIP = NO;
				DEBUG_INFORMATION_FORMAT = "dwarf-with-dsym";
				ENABLE_NS_ASSERTIONS = NO;
				ENABLE_STRICT_OBJC_MSGSEND = YES;
				ENABLE_USER_SCRIPT_SANDBOXING = YES;
				GCC_C_LANGUAGE_STANDARD = gnu17;
				GCC_NO_COMMON_BLOCKS = YES;
				GCC_WARN_64_TO_32_BIT_CONVERSION = YES;
				GCC_WARN_ABOUT_RETURN_TYPE = YES_ERROR;
				GCC_WARN_UNDECLARED_SELECTOR = YES;
				GCC_WARN_UNINITIALIZED_AUTOS = YES_AGGRESSIVE;
				GCC_WARN_UNUSED_FUNCTION = YES;
				GCC_WARN_UNUSED_VARIABLE = YES;
				IPHONEOS_DEPLOYMENT_TARGET = 17.4;
				LOCALIZATION_PREFERS_STRING_CATALOGS = YES;
				MTL_ENABLE_DEBUG_INFO = NO;
				MTL_FAST_MATH = YES;
				SDKROOT = iphoneos;
				SWIFT_COMPILATION_MODE = wholemodule;
				VALIDATE_PRODUCT = YES;
			};
			name = Release;
		};
		8C71A2CD2C00D58400669E1D /* Debug */ = {
			isa = XCBuildConfiguration;
			buildSettings = {
				ASSETCATALOG_COMPILER_APPICON_NAME = AppIcon;
				ASSETCATALOG_COMPILER_GLOBAL_ACCENT_COLOR_NAME = AccentColor;
				CODE_SIGN_STYLE = Automatic;
				CURRENT_PROJECT_VERSION = 1;
				DEVELOPMENT_ASSET_PATHS = "\"raghadddd/Preview Content\"";
				DEVELOPMENT_TEAM = QD6U7Z4J7G;
				ENABLE_PREVIEWS = YES;
				GENERATE_INFOPLIST_FILE = YES;
				INFOPLIST_KEY_UIApplicationSceneManifest_Generation = YES;
				INFOPLIST_KEY_UIApplicationSupportsIndirectInputEvents = YES;
				INFOPLIST_KEY_UILaunchScreen_Generation = YES;
				INFOPLIST_KEY_UISupportedInterfaceOrientations_iPad = "UIInterfaceOrientationPortrait UIInterfaceOrientationPortraitUpsideDown UIInterfaceOrientationLandscapeLeft UIInterfaceOrientationLandscapeRight";
				INFOPLIST_KEY_UISupportedInterfaceOrientations_iPhone = "UIInterfaceOrientationPortrait UIInterfaceOrientationLandscapeLeft UIInterfaceOrientationLandscapeRight";
				IPHONEOS_DEPLOYMENT_TARGET = 17.2;
				LD_RUNPATH_SEARCH_PATHS = (
					"$(inherited)",
					"@executable_path/Frameworks",
				);
				MARKETING_VERSION = 1.0;
				PRODUCT_BUNDLE_IDENTIFIER = DDAA.DD.raghadddd;
				PRODUCT_NAME = "$(TARGET_NAME)";
				SWIFT_EMIT_LOC_STRINGS = YES;
				SWIFT_VERSION = 5.0;
				TARGETED_DEVICE_FAMILY = "1,2";
			};
			name = Debug;
		};
		8C71A2CE2C00D58400669E1D /* Release */ = {
			isa = XCBuildConfiguration;
			buildSettings = {
				ASSETCATALOG_COMPILER_APPICON_NAME = AppIcon;
				ASSETCATALOG_COMPILER_GLOBAL_ACCENT_COLOR_NAME = AccentColor;
				CODE_SIGN_STYLE = Automatic;
				CURRENT_PROJECT_VERSION = 1;
				DEVELOPMENT_ASSET_PATHS = "\"raghadddd/Preview Content\"";
				DEVELOPMENT_TEAM = QD6U7Z4J7G;
				ENABLE_PREVIEWS = YES;
				GENERATE_INFOPLIST_FILE = YES;
				INFOPLIST_KEY_UIApplicationSceneManifest_Generation = YES;
				INFOPLIST_KEY_UIApplicationSupportsIndirectInputEvents = YES;
				INFOPLIST_KEY_UILaunchScreen_Generation = YES;
				INFOPLIST_KEY_UISupportedInterfaceOrientations_iPad = "UIInterfaceOrientationPortrait UIInterfaceOrientationPortraitUpsideDown UIInterfaceOrientationLandscapeLeft UIInterfaceOrientationLandscapeRight";
				INFOPLIST_KEY_UISupportedInterfaceOrientations_iPhone = "UIInterfaceOrientationPortrait UIInterfaceOrientationLandscapeLeft UIInterfaceOrientationLandscapeRight";
				IPHONEOS_DEPLOYMENT_TARGET = 17.2;
				LD_RUNPATH_SEARCH_PATHS = (
					"$(inherited)",
					"@executable_path/Frameworks",
				);
				MARKETING_VERSION = 1.0;
				PRODUCT_BUNDLE_IDENTIFIER = DDAA.DD.raghadddd;
				PRODUCT_NAME = "$(TARGET_NAME)";
				SWIFT_EMIT_LOC_STRINGS = YES;
				SWIFT_VERSION = 5.0;
				TARGETED_DEVICE_FAMILY = "1,2";
			};
			name = Release;
		};
		8C71A2D02C00D58400669E1D /* Debug */ = {
			isa = XCBuildConfiguration;
			buildSettings = {
				ALWAYS_EMBED_SWIFT_STANDARD_LIBRARIES = YES;
				BUNDLE_LOADER = "$(TEST_HOST)";
				CODE_SIGN_STYLE = Automatic;
				CURRENT_PROJECT_VERSION = 1;
				DEVELOPMENT_TEAM = QD6U7Z4J7G;
				GENERATE_INFOPLIST_FILE = YES;
				IPHONEOS_DEPLOYMENT_TARGET = 17.4;
				MARKETING_VERSION = 1.0;
				PRODUCT_BUNDLE_IDENTIFIER = DDAA.DD.raghaddddTests;
				PRODUCT_NAME = "$(TARGET_NAME)";
				SWIFT_EMIT_LOC_STRINGS = NO;
				SWIFT_VERSION = 5.0;
				TARGETED_DEVICE_FAMILY = "1,2";
				TEST_HOST = "$(BUILT_PRODUCTS_DIR)/raghadddd.app/$(BUNDLE_EXECUTABLE_FOLDER_PATH)/raghadddd";
			};
			name = Debug;
		};
		8C71A2D12C00D58400669E1D /* Release */ = {
			isa = XCBuildConfiguration;
			buildSettings = {
				ALWAYS_EMBED_SWIFT_STANDARD_LIBRARIES = YES;
				BUNDLE_LOADER = "$(TEST_HOST)";
				CODE_SIGN_STYLE = Automatic;
				CURRENT_PROJECT_VERSION = 1;
				DEVELOPMENT_TEAM = QD6U7Z4J7G;
				GENERATE_INFOPLIST_FILE = YES;
				IPHONEOS_DEPLOYMENT_TARGET = 17.4;
				MARKETING_VERSION = 1.0;
				PRODUCT_BUNDLE_IDENTIFIER = DDAA.DD.raghaddddTests;
				PRODUCT_NAME = "$(TARGET_NAME)";
				SWIFT_EMIT_LOC_STRINGS = NO;
				SWIFT_VERSION = 5.0;
				TARGETED_DEVICE_FAMILY = "1,2";
				TEST_HOST = "$(BUILT_PRODUCTS_DIR)/raghadddd.app/$(BUNDLE_EXECUTABLE_FOLDER_PATH)/raghadddd";
			};
			name = Release;
		};
		8C71A2D32C00D58400669E1D /* Debug */ = {
			isa = XCBuildConfiguration;
			buildSettings = {
				ALWAYS_EMBED_SWIFT_STANDARD_LIBRARIES = YES;
				CODE_SIGN_STYLE = Automatic;
				CURRENT_PROJECT_VERSION = 1;
				DEVELOPMENT_TEAM = QD6U7Z4J7G;
				GENERATE_INFOPLIST_FILE = YES;
				MARKETING_VERSION = 1.0;
				PRODUCT_BUNDLE_IDENTIFIER = DDAA.DD.raghaddddUITests;
				PRODUCT_NAME = "$(TARGET_NAME)";
				SWIFT_EMIT_LOC_STRINGS = NO;
				SWIFT_VERSION = 5.0;
				TARGETED_DEVICE_FAMILY = "1,2";
				TEST_TARGET_NAME = raghadddd;
			};
			name = Debug;
		};
		8C71A2D42C00D58400669E1D /* Release */ = {
			isa = XCBuildConfiguration;
			buildSettings = {
				ALWAYS_EMBED_SWIFT_STANDARD_LIBRARIES = YES;
				CODE_SIGN_STYLE = Automatic;
				CURRENT_PROJECT_VERSION = 1;
				DEVELOPMENT_TEAM = QD6U7Z4J7G;
				GENERATE_INFOPLIST_FILE = YES;
				MARKETING_VERSION = 1.0;
				PRODUCT_BUNDLE_IDENTIFIER = DDAA.DD.raghaddddUITests;
				PRODUCT_NAME = "$(TARGET_NAME)";
				SWIFT_EMIT_LOC_STRINGS = NO;
				SWIFT_VERSION = 5.0;
				TARGETED_DEVICE_FAMILY = "1,2";
				TEST_TARGET_NAME = raghadddd;
			};
			name = Release;
		};
/* End XCBuildConfiguration section */

/* Begin XCConfigurationList section */
		8C71A2A32C00D58100669E1D /* Build configuration list for PBXProject "raghadddd" */ = {
			isa = XCConfigurationList;
			buildConfigurations = (
				8C71A2CA2C00D58400669E1D /* Debug */,
				8C71A2CB2C00D58400669E1D /* Release */,
			);
			defaultConfigurationIsVisible = 0;
			defaultConfigurationName = Release;
		};
		8C71A2CC2C00D58400669E1D /* Build configuration list for PBXNativeTarget "raghadddd" */ = {
			isa = XCConfigurationList;
			buildConfigurations = (
				8C71A2CD2C00D58400669E1D /* Debug */,
				8C71A2CE2C00D58400669E1D /* Release */,
			);
			defaultConfigurationIsVisible = 0;
			defaultConfigurationName = Release;
		};
		8C71A2CF2C00D58400669E1D /* Build configuration list for PBXNativeTarget "raghaddddTests" */ = {
			isa = XCConfigurationList;
			buildConfigurations = (
				8C71A2D02C00D58400669E1D /* Debug */,
				8C71A2D12C00D58400669E1D /* Release */,
			);
			defaultConfigurationIsVisible = 0;
			defaultConfigurationName = Release;
		};
		8C71A2D22C00D58400669E1D /* Build configuration list for PBXNativeTarget "raghaddddUITests" */ = {
			isa = XCConfigurationList;
			buildConfigurations = (
				8C71A2D32C00D58400669E1D /* Debug */,
				8C71A2D42C00D58400669E1D /* Release */,
			);
			defaultConfigurationIsVisible = 0;
			defaultConfigurationName = Release;
		};
/* End XCConfigurationList section */
	};
	rootObject = 8C71A2A02C00D58100669E1D /* Project object */;
}
